
Microsoft Visual Studio Solution File, Format Version 12.00
# Visual Studio Version 17
VisualStudioVersion = 17.4.33122.133
MinimumVisualStudioVersion = 10.0.40219.1
Project("{9A19103F-16F7-4668-BE54-9A1E7A4F7556}") = "OnlineMovieReservationSystem", "OnlineMovieReservationSystem\OnlineMovieReservationSystem.csproj", "{1774DCD6-7EAA-4E50-9C12-23A814141704}"
EndProject
Project("{FAE04EC0-301F-11D3-BF4B-00C04F79EFBC}") = "OnlineMovieReservationSystem.Domain", "OnlineMovieReservationSystem.Domain\OnlineMovieReservationSystem.Domain.csproj", "{C8D7CCE7-2347-424F-9D54-F70D8D5F39F7}"
EndProject
Project("{FAE04EC0-301F-11D3-BF4B-00C04F79EFBC}") = "OnlineMovieReservationSystem.Application", "OnlineMovieReservationSystem.Application\OnlineMovieReservationSystem.Application.csproj", "{EB579D01-1A9D-4E82-B4E3-E05712C2645C}"
EndProject
Project("{FAE04EC0-301F-11D3-BF4B-00C04F79EFBC}") = "OnlineMovieReservationSystem.Api", "OnlineMovieReservationSystem.Api\OnlineMovieReservationSystem.Api.csproj", "{C9303BD0-C1A9-4045-B543-F048E866927D}"
EndProject
Global
	GlobalSection(SolutionConfigurationPlatforms) = preSolution
		Debug|Any CPU = Debug|Any CPU
		Release|Any CPU = Release|Any CPU
	EndGlobalSection
	GlobalSection(ProjectConfigurationPlatforms) = postSolution
		{1774DCD6-7EAA-4E50-9C12-23A814141704}.Debug|Any CPU.ActiveCfg = Debug|Any CPU
		{1774DCD6-7EAA-4E50-9C12-23A814141704}.Debug|Any CPU.Build.0 = Debug|Any CPU
		{1774DCD6-7EAA-4E50-9C12-23A814141704}.Release|Any CPU.ActiveCfg = Release|Any CPU
		{1774DCD6-7EAA-4E50-9C12-23A814141704}.Release|Any CPU.Build.0 = Release|Any CPU
		{C8D7CCE7-2347-424F-9D54-F70D8D5F39F7}.Debug|Any CPU.ActiveCfg = Debug|Any CPU
		{C8D7CCE7-2347-424F-9D54-F70D8D5F39F7}.Debug|Any CPU.Build.0 = Debug|Any CPU
		{C8D7CCE7-2347-424F-9D54-F70D8D5F39F7}.Release|Any CPU.ActiveCfg = Release|Any CPU
		{C8D7CCE7-2347-424F-9D54-F70D8D5F39F7}.Release|Any CPU.Build.0 = Release|Any CPU
		{EB579D01-1A9D-4E82-B4E3-E05712C2645C}.Debug|Any CPU.ActiveCfg = Debug|Any CPU
		{EB579D01-1A9D-4E82-B4E3-E05712C2645C}.Debug|Any CPU.Build.0 = Debug|Any CPU
		{EB579D01-1A9D-4E82-B4E3-E05712C2645C}.Release|Any CPU.ActiveCfg = Release|Any CPU
		{EB579D01-1A9D-4E82-B4E3-E05712C2645C}.Release|Any CPU.Build.0 = Release|Any CPU
		{C9303BD0-C1A9-4045-B543-F048E866927D}.Debug|Any CPU.ActiveCfg = Debug|Any CPU
		{C9303BD0-C1A9-4045-B543-F048E866927D}.Debug|Any CPU.Build.0 = Debug|Any CPU
		{C9303BD0-C1A9-4045-B543-F048E866927D}.Release|Any CPU.ActiveCfg = Release|Any CPU
		{C9303BD0-C1A9-4045-B543-F048E866927D}.Release|Any CPU.Build.0 = Release|Any CPU
	EndGlobalSection
	GlobalSection(SolutionProperties) = preSolution
		HideSolutionNode = FALSE
	EndGlobalSection
	GlobalSection(ExtensibilityGlobals) = postSolution
		SolutionGuid = {82DF11B4-B23F-45B7-AAF8-1FF919ABAB10}
	EndGlobalSection
EndGlobal
